// !$*UTF8*$!
{
	archiveVersion = 1;
	classes = {
	};
	objectVersion = 46;
	objects = {

/* Begin PBXBuildFile section */
		90106E061CA3EF0B009ED514 /* DataDoc.m in Sources */ = {isa = PBXBuildFile; fileRef = 90106E051CA3EF0B009ED514 /* DataDoc.m */; };
		9028B45F1C993BC300FB79E9 /* Lato-Light.ttf in Resources */ = {isa = PBXBuildFile; fileRef = 9028B44C1C993BC300FB79E9 /* Lato-Light.ttf */; };
		9028B4611C993BC300FB79E9 /* Lato-Medium.ttf in Resources */ = {isa = PBXBuildFile; fileRef = 9028B44E1C993BC300FB79E9 /* Lato-Medium.ttf */; };
		9028B4641C993BC300FB79E9 /* Lato-Semibold.ttf in Resources */ = {isa = PBXBuildFile; fileRef = 9028B4511C993BC300FB79E9 /* Lato-Semibold.ttf */; };
		9028B4661C993BC300FB79E9 /* Lato-Thin.ttf in Resources */ = {isa = PBXBuildFile; fileRef = 9028B4531C993BC300FB79E9 /* Lato-Thin.ttf */; };
		9028B4681C993BC300FB79E9 /* SIL Open Font License.txt in Resources */ = {isa = PBXBuildFile; fileRef = 9028B4551C993BC300FB79E9 /* SIL Open Font License.txt */; };
		9028B46A1C993C3100FB79E9 /* CookingViewController.m in Sources */ = {isa = PBXBuildFile; fileRef = 9028B4691C993C3100FB79E9 /* CookingViewController.m */; };
		9028B46D1C99462C00FB79E9 /* FZLTHK.TTF in Resources */ = {isa = PBXBuildFile; fileRef = 9028B46B1C99462C00FB79E9 /* FZLTHK.TTF */; };
		9028B46E1C99462C00FB79E9 /* FZLTXHK.TTF in Resources */ = {isa = PBXBuildFile; fileRef = 9028B46C1C99462C00FB79E9 /* FZLTXHK.TTF */; };
		90BB039B1C914ECF009D0CBD /* CookingViewController.xib in Resources */ = {isa = PBXBuildFile; fileRef = 90BB03991C914ECF009D0CBD /* CookingViewController.xib */; };
		90BB03DD1C9174D2009D0CBD /* EncodeSans-Medium.ttf in Resources */ = {isa = PBXBuildFile; fileRef = 90BB03AF1C9174D2009D0CBD /* EncodeSans-Medium.ttf */; };
		90BB03DE1C9174D2009D0CBD /* EncodeSans-Regular.ttf in Resources */ = {isa = PBXBuildFile; fileRef = 90BB03B01C9174D2009D0CBD /* EncodeSans-Regular.ttf */; };
		90BB040C1C917DA8009D0CBD /* 1@2x.jpg in Resources */ = {isa = PBXBuildFile; fileRef = 90BB04061C917DA8009D0CBD /* 1@2x.jpg */; };
		90BB040D1C917DA8009D0CBD /* 2@2x.jpg in Resources */ = {isa = PBXBuildFile; fileRef = 90BB04071C917DA8009D0CBD /* 2@2x.jpg */; };
		90BB040E1C917DA8009D0CBD /* 3@2x.jpg in Resources */ = {isa = PBXBuildFile; fileRef = 90BB04081C917DA8009D0CBD /* 3@2x.jpg */; };
		90BB040F1C917DA8009D0CBD /* 5@2x.jpg in Resources */ = {isa = PBXBuildFile; fileRef = 90BB04091C917DA8009D0CBD /* 5@2x.jpg */; };
		90BB04101C917DA8009D0CBD /* 4@2x.jpg in Resources */ = {isa = PBXBuildFile; fileRef = 90BB040A1C917DA8009D0CBD /* 4@2x.jpg */; };
		90BB04111C917DA8009D0CBD /* 6@2x.jpg in Resources */ = {isa = PBXBuildFile; fileRef = 90BB040B1C917DA8009D0CBD /* 6@2x.jpg */; };
		90C49AF31C8E75CA00AAF3FA /* SJAvatarBrowser.m in Sources */ = {isa = PBXBuildFile; fileRef = 90C49AF21C8E75CA00AAF3FA /* SJAvatarBrowser.m */; };
		90C49AF51C8E769800AAF3FA /* UIKit.framework in Frameworks */ = {isa = PBXBuildFile; fileRef = 90C49AF41C8E769800AAF3FA /* UIKit.framework */; };
		90C49AF71C8E77CB00AAF3FA /* CoreGraphics.framework in Frameworks */ = {isa = PBXBuildFile; fileRef = 90C49AF61C8E77CB00AAF3FA /* CoreGraphics.framework */; };
		90CF0FA91C7EA2780055DC0E /* main.m in Sources */ = {isa = PBXBuildFile; fileRef = 90CF0FA81C7EA2780055DC0E /* main.m */; };
		90CF0FAC1C7EA2780055DC0E /* AppDelegate.m in Sources */ = {isa = PBXBuildFile; fileRef = 90CF0FAB1C7EA2780055DC0E /* AppDelegate.m */; };
		90CF0FAF1C7EA2780055DC0E /* ViewController.m in Sources */ = {isa = PBXBuildFile; fileRef = 90CF0FAE1C7EA2780055DC0E /* ViewController.m */; };
		90CF0FB21C7EA2780055DC0E /* Main.storyboard in Resources */ = {isa = PBXBuildFile; fileRef = 90CF0FB01C7EA2780055DC0E /* Main.storyboard */; };
		90CF0FB41C7EA2780055DC0E /* Assets.xcassets in Resources */ = {isa = PBXBuildFile; fileRef = 90CF0FB31C7EA2780055DC0E /* Assets.xcassets */; };
		90CF0FB71C7EA2780055DC0E /* LaunchScreen.storyboard in Resources */ = {isa = PBXBuildFile; fileRef = 90CF0FB51C7EA2780055DC0E /* LaunchScreen.storyboard */; };
		90CF0FC21C7EA2780055DC0E /* SimulationTests.m in Sources */ = {isa = PBXBuildFile; fileRef = 90CF0FC11C7EA2780055DC0E /* SimulationTests.m */; };
		90CF0FCD1C7EA2780055DC0E /* SimulationUITests.m in Sources */ = {isa = PBXBuildFile; fileRef = 90CF0FCC1C7EA2780055DC0E /* SimulationUITests.m */; };
		90EDBEAB1CA4E44000B9CAB5 /* CLDashboardProgressView.m in Sources */ = {isa = PBXBuildFile; fileRef = 90EDBEA81CA4E44000B9CAB5 /* CLDashboardProgressView.m */; };
		90EDBEAC1CA4E44000B9CAB5 /* CLDashboardProgressLayer.m in Sources */ = {isa = PBXBuildFile; fileRef = 90EDBEAA1CA4E44000B9CAB5 /* CLDashboardProgressLayer.m */; };
		90EDBEAE1CA4F2E000B9CAB5 /* subtract@2x.png in Resources */ = {isa = PBXBuildFile; fileRef = 90EDBEAD1CA4F2E000B9CAB5 /* subtract@2x.png */; };
		90EDBEB01CA4F2E700B9CAB5 /* add@2x.png in Resources */ = {isa = PBXBuildFile; fileRef = 90EDBEAF1CA4F2E700B9CAB5 /* add@2x.png */; };
		D2086BC41CA521D800FEEE3F /* logo@2x.png in Resources */ = {isa = PBXBuildFile; fileRef = D2086BC31CA521D800FEEE3F /* logo@2x.png */; };
		D27299491C94601900DEEF6C /* AVFoundation.framework in Frameworks */ = {isa = PBXBuildFile; fileRef = D27299481C94601900DEEF6C /* AVFoundation.framework */; };
		D2F34F621CA436B50039337A /* btn-PREVIOUS-240x240-21.png in Resources */ = {isa = PBXBuildFile; fileRef = D2F34F5C1CA436B50039337A /* btn-PREVIOUS-240x240-21.png */; };
		D2F34F631CA436B50039337A /* btn-NEXT-240x240-21.png in Resources */ = {isa = PBXBuildFile; fileRef = D2F34F5D1CA436B50039337A /* btn-NEXT-240x240-21.png */; };
		D2F34F641CA436B50039337A /* btn-PREVIOUS-240x240-22.png in Resources */ = {isa = PBXBuildFile; fileRef = D2F34F5E1CA436B50039337A /* btn-PREVIOUS-240x240-22.png */; };
		D2F34F651CA436B50039337A /* btn-status-240x240-21.png in Resources */ = {isa = PBXBuildFile; fileRef = D2F34F5F1CA436B50039337A /* btn-status-240x240-21.png */; };
		D2F34F661CA436B50039337A /* btn-NEXT-240x240-22.png in Resources */ = {isa = PBXBuildFile; fileRef = D2F34F601CA436B50039337A /* btn-NEXT-240x240-22.png */; };
		D2F34F671CA436B50039337A /* btn-blank-240x240-21.png in Resources */ = {isa = PBXBuildFile; fileRef = D2F34F611CA436B50039337A /* btn-blank-240x240-21.png */; };
		D2FAFEC91C97B9630042FBD0 /* Normal_ViewController.m in Sources */ = {isa = PBXBuildFile; fileRef = D2FAFEC71C97B9630042FBD0 /* Normal_ViewController.m */; };
		D2FAFECA1C97B9630042FBD0 /* Normal_ViewController.xib in Resources */ = {isa = PBXBuildFile; fileRef = D2FAFEC81C97B9630042FBD0 /* Normal_ViewController.xib */; };
		D2FAFECC1C97DA8C0042FBD0 /* AudioToolbox.framework in Frameworks */ = {isa = PBXBuildFile; fileRef = D2FAFECB1C97DA8C0042FBD0 /* AudioToolbox.framework */; };
		D2FAFECE1C97DB120042FBD0 /* music.mp3 in Resources */ = {isa = PBXBuildFile; fileRef = D2FAFECD1C97DB120042FBD0 /* music.mp3 */; };
/* End PBXBuildFile section */

/* Begin PBXContainerItemProxy section */
		90CF0FBE1C7EA2780055DC0E /* PBXContainerItemProxy */ = {
			isa = PBXContainerItemProxy;
			containerPortal = 90CF0F9C1C7EA2780055DC0E /* Project object */;
			proxyType = 1;
			remoteGlobalIDString = 90CF0FA31C7EA2780055DC0E;
			remoteInfo = Simulation;
		};
		90CF0FC91C7EA2780055DC0E /* PBXContainerItemProxy */ = {
			isa = PBXContainerItemProxy;
			containerPortal = 90CF0F9C1C7EA2780055DC0E /* Project object */;
			proxyType = 1;
			remoteGlobalIDString = 90CF0FA31C7EA2780055DC0E;
			remoteInfo = Simulation;
		};
/* End PBXContainerItemProxy section */

/* Begin PBXFileReference section */
		90106E041CA3EF0B009ED514 /* DataDoc.h */ = {isa = PBXFileReference; fileEncoding = 4; lastKnownFileType = sourcecode.c.h; path = DataDoc.h; sourceTree = "<group>"; };
		90106E051CA3EF0B009ED514 /* DataDoc.m */ = {isa = PBXFileReference; fileEncoding = 4; lastKnownFileType = sourcecode.c.objc; path = DataDoc.m; sourceTree = "<group>"; };
		9028B44C1C993BC300FB79E9 /* Lato-Light.ttf */ = {isa = PBXFileReference; lastKnownFileType = file; path = "Lato-Light.ttf"; sourceTree = "<group>"; };
		9028B44E1C993BC300FB79E9 /* Lato-Medium.ttf */ = {isa = PBXFileReference; lastKnownFileType = file; path = "Lato-Medium.ttf"; sourceTree = "<group>"; };
		9028B4511C993BC300FB79E9 /* Lato-Semibold.ttf */ = {isa = PBXFileReference; lastKnownFileType = file; path = "Lato-Semibold.ttf"; sourceTree = "<group>"; };
		9028B4531C993BC300FB79E9 /* Lato-Thin.ttf */ = {isa = PBXFileReference; lastKnownFileType = file; path = "Lato-Thin.ttf"; sourceTree = "<group>"; };
		9028B4551C993BC300FB79E9 /* SIL Open Font License.txt */ = {isa = PBXFileReference; fileEncoding = 4; lastKnownFileType = text; path = "SIL Open Font License.txt"; sourceTree = "<group>"; };
		9028B4691C993C3100FB79E9 /* CookingViewController.m */ = {isa = PBXFileReference; fileEncoding = 4; lastKnownFileType = sourcecode.c.objc; path = CookingViewController.m; sourceTree = "<group>"; };
		9028B46B1C99462C00FB79E9 /* FZLTHK.TTF */ = {isa = PBXFileReference; lastKnownFileType = file; path = FZLTHK.TTF; sourceTree = "<group>"; };
		9028B46C1C99462C00FB79E9 /* FZLTXHK.TTF */ = {isa = PBXFileReference; lastKnownFileType = file; path = FZLTXHK.TTF; sourceTree = "<group>"; };
		90BB03971C914ECF009D0CBD /* CookingViewController.h */ = {isa = PBXFileReference; fileEncoding = 4; lastKnownFileType = sourcecode.c.h; name = CookingViewController.h; path = Simulation/CookingViewController.h; sourceTree = "<group>"; };
		90BB03991C914ECF009D0CBD /* CookingViewController.xib */ = {isa = PBXFileReference; fileEncoding = 4; lastKnownFileType = file.xib; path = CookingViewController.xib; sourceTree = "<group>"; };
		90BB03AF1C9174D2009D0CBD /* EncodeSans-Medium.ttf */ = {isa = PBXFileReference; lastKnownFileType = file; path = "EncodeSans-Medium.ttf"; sourceTree = "<group>"; };
		90BB03B01C9174D2009D0CBD /* EncodeSans-Regular.ttf */ = {isa = PBXFileReference; lastKnownFileType = file; path = "EncodeSans-Regular.ttf"; sourceTree = "<group>"; };
		90BB04061C917DA8009D0CBD /* 1@2x.jpg */ = {isa = PBXFileReference; lastKnownFileType = image.jpeg; path = "1@2x.jpg"; sourceTree = "<group>"; };
		90BB04071C917DA8009D0CBD /* 2@2x.jpg */ = {isa = PBXFileReference; lastKnownFileType = image.jpeg; path = "2@2x.jpg"; sourceTree = "<group>"; };
		90BB04081C917DA8009D0CBD /* 3@2x.jpg */ = {isa = PBXFileReference; lastKnownFileType = image.jpeg; path = "3@2x.jpg"; sourceTree = "<group>"; };
		90BB04091C917DA8009D0CBD /* 5@2x.jpg */ = {isa = PBXFileReference; lastKnownFileType = image.jpeg; path = "5@2x.jpg"; sourceTree = "<group>"; };
		90BB040A1C917DA8009D0CBD /* 4@2x.jpg */ = {isa = PBXFileReference; lastKnownFileType = image.jpeg; path = "4@2x.jpg"; sourceTree = "<group>"; };
		90BB040B1C917DA8009D0CBD /* 6@2x.jpg */ = {isa = PBXFileReference; lastKnownFileType = image.jpeg; path = "6@2x.jpg"; sourceTree = "<group>"; };
		90C49AF11C8E75CA00AAF3FA /* SJAvatarBrowser.h */ = {isa = PBXFileReference; fileEncoding = 4; lastKnownFileType = sourcecode.c.h; path = SJAvatarBrowser.h; sourceTree = "<group>"; };
		90C49AF21C8E75CA00AAF3FA /* SJAvatarBrowser.m */ = {isa = PBXFileReference; fileEncoding = 4; lastKnownFileType = sourcecode.c.objc; path = SJAvatarBrowser.m; sourceTree = "<group>"; };
		90C49AF41C8E769800AAF3FA /* UIKit.framework */ = {isa = PBXFileReference; lastKnownFileType = wrapper.framework; name = UIKit.framework; path = System/Library/Frameworks/UIKit.framework; sourceTree = SDKROOT; };
		90C49AF61C8E77CB00AAF3FA /* CoreGraphics.framework */ = {isa = PBXFileReference; lastKnownFileType = wrapper.framework; name = CoreGraphics.framework; path = System/Library/Frameworks/CoreGraphics.framework; sourceTree = SDKROOT; };
		90CF0FA41C7EA2780055DC0E /* mockup.app */ = {isa = PBXFileReference; explicitFileType = wrapper.application; includeInIndex = 0; path = mockup.app; sourceTree = BUILT_PRODUCTS_DIR; };
		90CF0FA81C7EA2780055DC0E /* main.m */ = {isa = PBXFileReference; lastKnownFileType = sourcecode.c.objc; path = main.m; sourceTree = "<group>"; };
		90CF0FAA1C7EA2780055DC0E /* AppDelegate.h */ = {isa = PBXFileReference; lastKnownFileType = sourcecode.c.h; path = AppDelegate.h; sourceTree = "<group>"; };
		90CF0FAB1C7EA2780055DC0E /* AppDelegate.m */ = {isa = PBXFileReference; lastKnownFileType = sourcecode.c.objc; path = AppDelegate.m; sourceTree = "<group>"; };
		90CF0FAD1C7EA2780055DC0E /* ViewController.h */ = {isa = PBXFileReference; lastKnownFileType = sourcecode.c.h; path = ViewController.h; sourceTree = "<group>"; };
		90CF0FAE1C7EA2780055DC0E /* ViewController.m */ = {isa = PBXFileReference; lastKnownFileType = sourcecode.c.objc; path = ViewController.m; sourceTree = "<group>"; };
		90CF0FB11C7EA2780055DC0E /* Base */ = {isa = PBXFileReference; lastKnownFileType = file.storyboard; name = Base; path = Base.lproj/Main.storyboard; sourceTree = "<group>"; };
		90CF0FB31C7EA2780055DC0E /* Assets.xcassets */ = {isa = PBXFileReference; lastKnownFileType = folder.assetcatalog; path = Assets.xcassets; sourceTree = "<group>"; };
		90CF0FB61C7EA2780055DC0E /* Base */ = {isa = PBXFileReference; lastKnownFileType = file.storyboard; name = Base; path = Base.lproj/LaunchScreen.storyboard; sourceTree = "<group>"; };
		90CF0FB81C7EA2780055DC0E /* Info.plist */ = {isa = PBXFileReference; lastKnownFileType = text.plist.xml; path = Info.plist; sourceTree = "<group>"; };
		90CF0FBD1C7EA2780055DC0E /* mockup.xctest */ = {isa = PBXFileReference; explicitFileType = wrapper.cfbundle; includeInIndex = 0; path = mockup.xctest; sourceTree = BUILT_PRODUCTS_DIR; };
		90CF0FC11C7EA2780055DC0E /* SimulationTests.m */ = {isa = PBXFileReference; lastKnownFileType = sourcecode.c.objc; path = SimulationTests.m; sourceTree = "<group>"; };
		90CF0FC31C7EA2780055DC0E /* Info.plist */ = {isa = PBXFileReference; lastKnownFileType = text.plist.xml; path = Info.plist; sourceTree = "<group>"; };
		90CF0FC81C7EA2780055DC0E /* mockup.xctest */ = {isa = PBXFileReference; explicitFileType = wrapper.cfbundle; includeInIndex = 0; path = mockup.xctest; sourceTree = BUILT_PRODUCTS_DIR; };
		90CF0FCC1C7EA2780055DC0E /* SimulationUITests.m */ = {isa = PBXFileReference; lastKnownFileType = sourcecode.c.objc; path = SimulationUITests.m; sourceTree = "<group>"; };
		90CF0FCE1C7EA2780055DC0E /* Info.plist */ = {isa = PBXFileReference; lastKnownFileType = text.plist.xml; path = Info.plist; sourceTree = "<group>"; };
		90EDBEA71CA4E44000B9CAB5 /* CLDashboardProgressView.h */ = {isa = PBXFileReference; fileEncoding = 4; lastKnownFileType = sourcecode.c.h; path = CLDashboardProgressView.h; sourceTree = "<group>"; };
		90EDBEA81CA4E44000B9CAB5 /* CLDashboardProgressView.m */ = {isa = PBXFileReference; fileEncoding = 4; lastKnownFileType = sourcecode.c.objc; path = CLDashboardProgressView.m; sourceTree = "<group>"; };
		90EDBEA91CA4E44000B9CAB5 /* CLDashboardProgressLayer.h */ = {isa = PBXFileReference; fileEncoding = 4; lastKnownFileType = sourcecode.c.h; path = CLDashboardProgressLayer.h; sourceTree = "<group>"; };
		90EDBEAA1CA4E44000B9CAB5 /* CLDashboardProgressLayer.m */ = {isa = PBXFileReference; fileEncoding = 4; lastKnownFileType = sourcecode.c.objc; path = CLDashboardProgressLayer.m; sourceTree = "<group>"; };
		90EDBEAD1CA4F2E000B9CAB5 /* subtract@2x.png */ = {isa = PBXFileReference; lastKnownFileType = image.png; path = "subtract@2x.png"; sourceTree = "<group>"; };
		90EDBEAF1CA4F2E700B9CAB5 /* add@2x.png */ = {isa = PBXFileReference; lastKnownFileType = image.png; path = "add@2x.png"; sourceTree = "<group>"; };
		D2086BC31CA521D800FEEE3F /* logo@2x.png */ = {isa = PBXFileReference; lastKnownFileType = image.png; path = "logo@2x.png"; sourceTree = "<group>"; };
		D27299481C94601900DEEF6C /* AVFoundation.framework */ = {isa = PBXFileReference; lastKnownFileType = wrapper.framework; name = AVFoundation.framework; path = System/Library/Frameworks/AVFoundation.framework; sourceTree = SDKROOT; };
		D2F34F5C1CA436B50039337A /* btn-PREVIOUS-240x240-21.png */ = {isa = PBXFileReference; lastKnownFileType = image.png; path = "btn-PREVIOUS-240x240-21.png"; sourceTree = "<group>"; };
		D2F34F5D1CA436B50039337A /* btn-NEXT-240x240-21.png */ = {isa = PBXFileReference; lastKnownFileType = image.png; path = "btn-NEXT-240x240-21.png"; sourceTree = "<group>"; };
		D2F34F5E1CA436B50039337A /* btn-PREVIOUS-240x240-22.png */ = {isa = PBXFileReference; lastKnownFileType = image.png; path = "btn-PREVIOUS-240x240-22.png"; sourceTree = "<group>"; };
		D2F34F5F1CA436B50039337A /* btn-status-240x240-21.png */ = {isa = PBXFileReference; lastKnownFileType = image.png; path = "btn-status-240x240-21.png"; sourceTree = "<group>"; };
		D2F34F601CA436B50039337A /* btn-NEXT-240x240-22.png */ = {isa = PBXFileReference; lastKnownFileType = image.png; path = "btn-NEXT-240x240-22.png"; sourceTree = "<group>"; };
		D2F34F611CA436B50039337A /* btn-blank-240x240-21.png */ = {isa = PBXFileReference; lastKnownFileType = image.png; path = "btn-blank-240x240-21.png"; sourceTree = "<group>"; };
		D2FAFEC61C97B9630042FBD0 /* Normal_ViewController.h */ = {isa = PBXFileReference; fileEncoding = 4; lastKnownFileType = sourcecode.c.h; path = Normal_ViewController.h; sourceTree = "<group>"; };
		D2FAFEC71C97B9630042FBD0 /* Normal_ViewController.m */ = {isa = PBXFileReference; fileEncoding = 4; lastKnownFileType = sourcecode.c.objc; path = Normal_ViewController.m; sourceTree = "<group>"; };
		D2FAFEC81C97B9630042FBD0 /* Normal_ViewController.xib */ = {isa = PBXFileReference; fileEncoding = 4; lastKnownFileType = file.xib; path = Normal_ViewController.xib; sourceTree = "<group>"; };
		D2FAFECB1C97DA8C0042FBD0 /* AudioToolbox.framework */ = {isa = PBXFileReference; lastKnownFileType = wrapper.framework; name = AudioToolbox.framework; path = System/Library/Frameworks/AudioToolbox.framework; sourceTree = SDKROOT; };
		D2FAFECD1C97DB120042FBD0 /* music.mp3 */ = {isa = PBXFileReference; lastKnownFileType = audio.mp3; path = music.mp3; sourceTree = "<group>"; };
/* End PBXFileReference section */

/* Begin PBXFrameworksBuildPhase section */
		90CF0FA11C7EA2780055DC0E /* Frameworks */ = {
			isa = PBXFrameworksBuildPhase;
			buildActionMask = 2147483647;
			files = (
				D2FAFECC1C97DA8C0042FBD0 /* AudioToolbox.framework in Frameworks */,
				D27299491C94601900DEEF6C /* AVFoundation.framework in Frameworks */,
				90C49AF71C8E77CB00AAF3FA /* CoreGraphics.framework in Frameworks */,
				90C49AF51C8E769800AAF3FA /* UIKit.framework in Frameworks */,
			);
			runOnlyForDeploymentPostprocessing = 0;
		};
		90CF0FBA1C7EA2780055DC0E /* Frameworks */ = {
			isa = PBXFrameworksBuildPhase;
			buildActionMask = 2147483647;
			files = (
			);
			runOnlyForDeploymentPostprocessing = 0;
		};
		90CF0FC51C7EA2780055DC0E /* Frameworks */ = {
			isa = PBXFrameworksBuildPhase;
			buildActionMask = 2147483647;
			files = (
			);
			runOnlyForDeploymentPostprocessing = 0;
		};
/* End PBXFrameworksBuildPhase section */

/* Begin PBXGroup section */
		9028B4421C993BC300FB79E9 /* lato */ = {
			isa = PBXGroup;
			children = (
				9028B44C1C993BC300FB79E9 /* Lato-Light.ttf */,
				9028B44E1C993BC300FB79E9 /* Lato-Medium.ttf */,
				9028B4511C993BC300FB79E9 /* Lato-Semibold.ttf */,
				9028B4531C993BC300FB79E9 /* Lato-Thin.ttf */,
				9028B4551C993BC300FB79E9 /* SIL Open Font License.txt */,
			);
			name = lato;
			path = "方正兰亭黑/lato";
			sourceTree = "<group>";
		};
		90BB03A91C9174D1009D0CBD /* encode-sans */ = {
			isa = PBXGroup;
			children = (
				90BB03AF1C9174D2009D0CBD /* EncodeSans-Medium.ttf */,
				90BB03B01C9174D2009D0CBD /* EncodeSans-Regular.ttf */,
			);
			path = "encode-sans";
			sourceTree = "<group>";
		};
		90CF0F9B1C7EA2780055DC0E = {
			isa = PBXGroup;
			children = (
				D2FAFECB1C97DA8C0042FBD0 /* AudioToolbox.framework */,
				D27299481C94601900DEEF6C /* AVFoundation.framework */,
				90EDBEA71CA4E44000B9CAB5 /* CLDashboardProgressView.h */,
				D2086BC31CA521D800FEEE3F /* logo@2x.png */,
				90EDBEA81CA4E44000B9CAB5 /* CLDashboardProgressView.m */,
				90EDBEA91CA4E44000B9CAB5 /* CLDashboardProgressLayer.h */,
				90EDBEAA1CA4E44000B9CAB5 /* CLDashboardProgressLayer.m */,
				90106E041CA3EF0B009ED514 /* DataDoc.h */,
				90106E051CA3EF0B009ED514 /* DataDoc.m */,
				90BB03971C914ECF009D0CBD /* CookingViewController.h */,
				9028B4691C993C3100FB79E9 /* CookingViewController.m */,
				D2FAFEC61C97B9630042FBD0 /* Normal_ViewController.h */,
				D2FAFEC71C97B9630042FBD0 /* Normal_ViewController.m */,
				D2FAFEC81C97B9630042FBD0 /* Normal_ViewController.xib */,
				D2FAFECD1C97DB120042FBD0 /* music.mp3 */,
				90C49AF61C8E77CB00AAF3FA /* CoreGraphics.framework */,
				90C49AF41C8E769800AAF3FA /* UIKit.framework */,
				90BB03A91C9174D1009D0CBD /* encode-sans */,
				9028B4421C993BC300FB79E9 /* lato */,
				D2FAFEE51C9824C30042FBD0 /* 方正兰亭黑 */,
				90CF0FA61C7EA2780055DC0E /* mockup */,
				90CF0FC01C7EA2780055DC0E /* SimulationTests */,
				90CF0FCB1C7EA2780055DC0E /* SimulationUITests */,
				90CF0FA51C7EA2780055DC0E /* Products */,
			);
			sourceTree = "<group>";
		};
		90CF0FA51C7EA2780055DC0E /* Products */ = {
			isa = PBXGroup;
			children = (
				90CF0FA41C7EA2780055DC0E /* mockup.app */,
				90CF0FBD1C7EA2780055DC0E /* mockup.xctest */,
				90CF0FC81C7EA2780055DC0E /* mockup.xctest */,
			);
			name = Products;
			sourceTree = "<group>";
		};
		90CF0FA61C7EA2780055DC0E /* mockup */ = {
			isa = PBXGroup;
			children = (
				90BB04061C917DA8009D0CBD /* 1@2x.jpg */,
				90BB04071C917DA8009D0CBD /* 2@2x.jpg */,
				90BB04081C917DA8009D0CBD /* 3@2x.jpg */,
				90BB04091C917DA8009D0CBD /* 5@2x.jpg */,
				90BB040A1C917DA8009D0CBD /* 4@2x.jpg */,
				90BB040B1C917DA8009D0CBD /* 6@2x.jpg */,
				90EDBEAF1CA4F2E700B9CAB5 /* add@2x.png */,
				90EDBEAD1CA4F2E000B9CAB5 /* subtract@2x.png */,
				D2F34F5C1CA436B50039337A /* btn-PREVIOUS-240x240-21.png */,
				D2F34F5D1CA436B50039337A /* btn-NEXT-240x240-21.png */,
				D2F34F5E1CA436B50039337A /* btn-PREVIOUS-240x240-22.png */,
				D2F34F5F1CA436B50039337A /* btn-status-240x240-21.png */,
				D2F34F601CA436B50039337A /* btn-NEXT-240x240-22.png */,
				D2F34F611CA436B50039337A /* btn-blank-240x240-21.png */,
				90C49AF11C8E75CA00AAF3FA /* SJAvatarBrowser.h */,
				90C49AF21C8E75CA00AAF3FA /* SJAvatarBrowser.m */,
				90CF0FAA1C7EA2780055DC0E /* AppDelegate.h */,
				90CF0FAB1C7EA2780055DC0E /* AppDelegate.m */,
				90CF0FAD1C7EA2780055DC0E /* ViewController.h */,
				90CF0FAE1C7EA2780055DC0E /* ViewController.m */,
				90CF0FB01C7EA2780055DC0E /* Main.storyboard */,
				90CF0FB31C7EA2780055DC0E /* Assets.xcassets */,
				90CF0FB51C7EA2780055DC0E /* LaunchScreen.storyboard */,
				90CF0FB81C7EA2780055DC0E /* Info.plist */,
				90CF0FA71C7EA2780055DC0E /* Supporting Files */,
				90BB03991C914ECF009D0CBD /* CookingViewController.xib */,
			);
			name = mockup;
			path = Simulation;
			sourceTree = "<group>";
		};
		90CF0FA71C7EA2780055DC0E /* Supporting Files */ = {
			isa = PBXGroup;
			children = (
				90CF0FA81C7EA2780055DC0E /* main.m */,
			);
			name = "Supporting Files";
			sourceTree = "<group>";
		};
		90CF0FC01C7EA2780055DC0E /* SimulationTests */ = {
			isa = PBXGroup;
			children = (
				90CF0FC11C7EA2780055DC0E /* SimulationTests.m */,
				90CF0FC31C7EA2780055DC0E /* Info.plist */,
			);
			path = SimulationTests;
			sourceTree = "<group>";
		};
		90CF0FCB1C7EA2780055DC0E /* SimulationUITests */ = {
			isa = PBXGroup;
			children = (
				90CF0FCC1C7EA2780055DC0E /* SimulationUITests.m */,
				90CF0FCE1C7EA2780055DC0E /* Info.plist */,
			);
			path = SimulationUITests;
			sourceTree = "<group>";
		};
		D2FAFEE51C9824C30042FBD0 /* 方正兰亭黑 */ = {
			isa = PBXGroup;
			children = (
				9028B46B1C99462C00FB79E9 /* FZLTHK.TTF */,
				9028B46C1C99462C00FB79E9 /* FZLTXHK.TTF */,
			);
			path = "方正兰亭黑";
			sourceTree = "<group>";
		};
/* End PBXGroup section */

/* Begin PBXNativeTarget section */
		90CF0FA31C7EA2780055DC0E /* mockup */ = {
			isa = PBXNativeTarget;
			buildConfigurationList = 90CF0FD11C7EA2780055DC0E /* Build configuration list for PBXNativeTarget "mockup" */;
			buildPhases = (
				90CF0FA01C7EA2780055DC0E /* Sources */,
				90CF0FA11C7EA2780055DC0E /* Frameworks */,
				90CF0FA21C7EA2780055DC0E /* Resources */,
			);
			buildRules = (
			);
			dependencies = (
			);
			name = mockup;
			productName = Simulation;
			productReference = 90CF0FA41C7EA2780055DC0E /* mockup.app */;
			productType = "com.apple.product-type.application";
		};
		90CF0FBC1C7EA2780055DC0E /* mockupTests */ = {
			isa = PBXNativeTarget;
			buildConfigurationList = 90CF0FD41C7EA2780055DC0E /* Build configuration list for PBXNativeTarget "mockupTests" */;
			buildPhases = (
				90CF0FB91C7EA2780055DC0E /* Sources */,
				90CF0FBA1C7EA2780055DC0E /* Frameworks */,
				90CF0FBB1C7EA2780055DC0E /* Resources */,
			);
			buildRules = (
			);
			dependencies = (
				90CF0FBF1C7EA2780055DC0E /* PBXTargetDependency */,
			);
			name = mockupTests;
			productName = SimulationTests;
			productReference = 90CF0FBD1C7EA2780055DC0E /* mockup.xctest */;
			productType = "com.apple.product-type.bundle.unit-test";
		};
		90CF0FC71C7EA2780055DC0E /* mockupUITests */ = {
			isa = PBXNativeTarget;
			buildConfigurationList = 90CF0FD71C7EA2780055DC0E /* Build configuration list for PBXNativeTarget "mockupUITests" */;
			buildPhases = (
				90CF0FC41C7EA2780055DC0E /* Sources */,
				90CF0FC51C7EA2780055DC0E /* Frameworks */,
				90CF0FC61C7EA2780055DC0E /* Resources */,
			);
			buildRules = (
			);
			dependencies = (
				90CF0FCA1C7EA2780055DC0E /* PBXTargetDependency */,
			);
			name = mockupUITests;
			productName = SimulationUITests;
			productReference = 90CF0FC81C7EA2780055DC0E /* mockup.xctest */;
			productType = "com.apple.product-type.bundle.ui-testing";
		};
/* End PBXNativeTarget section */

/* Begin PBXProject section */
		90CF0F9C1C7EA2780055DC0E /* Project object */ = {
			isa = PBXProject;
			attributes = {
				LastUpgradeCheck = 0720;
				ORGANIZATIONNAME = su;
				TargetAttributes = {
					90CF0FA31C7EA2780055DC0E = {
						CreatedOnToolsVersion = 7.2.1;
						DevelopmentTeam = 3C48395947;
					};
					90CF0FBC1C7EA2780055DC0E = {
						CreatedOnToolsVersion = 7.2.1;
						TestTargetID = 90CF0FA31C7EA2780055DC0E;
					};
					90CF0FC71C7EA2780055DC0E = {
						CreatedOnToolsVersion = 7.2.1;
						TestTargetID = 90CF0FA31C7EA2780055DC0E;
					};
				};
			};
			buildConfigurationList = 90CF0F9F1C7EA2780055DC0E /* Build configuration list for PBXProject "mockup" */;
			compatibilityVersion = "Xcode 3.2";
			developmentRegion = English;
			hasScannedForEncodings = 0;
			knownRegions = (
				en,
				Base,
			);
			mainGroup = 90CF0F9B1C7EA2780055DC0E;
			productRefGroup = 90CF0FA51C7EA2780055DC0E /* Products */;
			projectDirPath = "";
			projectRoot = "";
			targets = (
				90CF0FA31C7EA2780055DC0E /* mockup */,
				90CF0FBC1C7EA2780055DC0E /* mockupTests */,
				90CF0FC71C7EA2780055DC0E /* mockupUITests */,
			);
		};
/* End PBXProject section */

/* Begin PBXResourcesBuildPhase section */
		90CF0FA21C7EA2780055DC0E /* Resources */ = {
			isa = PBXResourcesBuildPhase;
			buildActionMask = 2147483647;
			files = (
				9028B45F1C993BC300FB79E9 /* Lato-Light.ttf in Resources */,
				D2086BC41CA521D800FEEE3F /* logo@2x.png in Resources */,
				D2F34F651CA436B50039337A /* btn-status-240x240-21.png in Resources */,
				9028B46D1C99462C00FB79E9 /* FZLTHK.TTF in Resources */,
				90BB040D1C917DA8009D0CBD /* 2@2x.jpg in Resources */,
				D2F34F641CA436B50039337A /* btn-PREVIOUS-240x240-22.png in Resources */,
				90EDBEB01CA4F2E700B9CAB5 /* add@2x.png in Resources */,
				D2FAFECA1C97B9630042FBD0 /* Normal_ViewController.xib in Resources */,
				90BB040E1C917DA8009D0CBD /* 3@2x.jpg in Resources */,
				D2FAFECE1C97DB120042FBD0 /* music.mp3 in Resources */,
				D2F34F671CA436B50039337A /* btn-blank-240x240-21.png in Resources */,
				90BB03DE1C9174D2009D0CBD /* EncodeSans-Regular.ttf in Resources */,
				90BB04101C917DA8009D0CBD /* 4@2x.jpg in Resources */,
				90BB04111C917DA8009D0CBD /* 6@2x.jpg in Resources */,
				90BB03DD1C9174D2009D0CBD /* EncodeSans-Medium.ttf in Resources */,
				90CF0FB71C7EA2780055DC0E /* LaunchScreen.storyboard in Resources */,
				D2F34F621CA436B50039337A /* btn-PREVIOUS-240x240-21.png in Resources */,
				9028B46E1C99462C00FB79E9 /* FZLTXHK.TTF in Resources */,
				90BB040F1C917DA8009D0CBD /* 5@2x.jpg in Resources */,
				D2F34F631CA436B50039337A /* btn-NEXT-240x240-21.png in Resources */,
				90BB040C1C917DA8009D0CBD /* 1@2x.jpg in Resources */,
				9028B4611C993BC300FB79E9 /* Lato-Medium.ttf in Resources */,
				90BB039B1C914ECF009D0CBD /* CookingViewController.xib in Resources */,
				90CF0FB41C7EA2780055DC0E /* Assets.xcassets in Resources */,
				90EDBEAE1CA4F2E000B9CAB5 /* subtract@2x.png in Resources */,
				9028B4661C993BC300FB79E9 /* Lato-Thin.ttf in Resources */,
				D2F34F661CA436B50039337A /* btn-NEXT-240x240-22.png in Resources */,
				90CF0FB21C7EA2780055DC0E /* Main.storyboard in Resources */,
				9028B4681C993BC300FB79E9 /* SIL Open Font License.txt in Resources */,
				9028B4641C993BC300FB79E9 /* Lato-Semibold.ttf in Resources */,
			);
			runOnlyForDeploymentPostprocessing = 0;
		};
		90CF0FBB1C7EA2780055DC0E /* Resources */ = {
			isa = PBXResourcesBuildPhase;
			buildActionMask = 2147483647;
			files = (
			);
			runOnlyForDeploymentPostprocessing = 0;
		};
		90CF0FC61C7EA2780055DC0E /* Resources */ = {
			isa = PBXResourcesBuildPhase;
			buildActionMask = 2147483647;
			files = (
			);
			runOnlyForDeploymentPostprocessing = 0;
		};
/* End PBXResourcesBuildPhase section */

/* Begin PBXSourcesBuildPhase section */
		90CF0FA01C7EA2780055DC0E /* Sources */ = {
			isa = PBXSourcesBuildPhase;
			buildActionMask = 2147483647;
			files = (
				90C49AF31C8E75CA00AAF3FA /* SJAvatarBrowser.m in Sources */,
				9028B46A1C993C3100FB79E9 /* CookingViewController.m in Sources */,
				90CF0FAF1C7EA2780055DC0E /* ViewController.m in Sources */,
				90EDBEAB1CA4E44000B9CAB5 /* CLDashboardProgressView.m in Sources */,
				90106E061CA3EF0B009ED514 /* DataDoc.m in Sources */,
				90EDBEAC1CA4E44000B9CAB5 /* CLDashboardProgressLayer.m in Sources */,
				90CF0FAC1C7EA2780055DC0E /* AppDelegate.m in Sources */,
				D2FAFEC91C97B9630042FBD0 /* Normal_ViewController.m in Sources */,
				90CF0FA91C7EA2780055DC0E /* main.m in Sources */,
			);
			runOnlyForDeploymentPostprocessing = 0;
		};
		90CF0FB91C7EA2780055DC0E /* Sources */ = {
			isa = PBXSourcesBuildPhase;
			buildActionMask = 2147483647;
			files = (
				90CF0FC21C7EA2780055DC0E /* SimulationTests.m in Sources */,
			);
			runOnlyForDeploymentPostprocessing = 0;
		};
		90CF0FC41C7EA2780055DC0E /* Sources */ = {
			isa = PBXSourcesBuildPhase;
			buildActionMask = 2147483647;
			files = (
				90CF0FCD1C7EA2780055DC0E /* SimulationUITests.m in Sources */,
			);
			runOnlyForDeploymentPostprocessing = 0;
		};
/* End PBXSourcesBuildPhase section */

/* Begin PBXTargetDependency section */
		90CF0FBF1C7EA2780055DC0E /* PBXTargetDependency */ = {
			isa = PBXTargetDependency;
			target = 90CF0FA31C7EA2780055DC0E /* mockup */;
			targetProxy = 90CF0FBE1C7EA2780055DC0E /* PBXContainerItemProxy */;
		};
		90CF0FCA1C7EA2780055DC0E /* PBXTargetDependency */ = {
			isa = PBXTargetDependency;
			target = 90CF0FA31C7EA2780055DC0E /* mockup */;
			targetProxy = 90CF0FC91C7EA2780055DC0E /* PBXContainerItemProxy */;
		};
/* End PBXTargetDependency section */

/* Begin PBXVariantGroup section */
		90CF0FB01C7EA2780055DC0E /* Main.storyboard */ = {
			isa = PBXVariantGroup;
			children = (
				90CF0FB11C7EA2780055DC0E /* Base */,
			);
			name = Main.storyboard;
			sourceTree = "<group>";
		};
		90CF0FB51C7EA2780055DC0E /* LaunchScreen.storyboard */ = {
			isa = PBXVariantGroup;
			children = (
				90CF0FB61C7EA2780055DC0E /* Base */,
			);
			name = LaunchScreen.storyboard;
			sourceTree = "<group>";
		};
/* End PBXVariantGroup section */

/* Begin XCBuildConfiguration section */
		90CF0FCF1C7EA2780055DC0E /* Debug */ = {
			isa = XCBuildConfiguration;
			buildSettings = {
				ALWAYS_SEARCH_USER_PATHS = NO;
				CLANG_CXX_LANGUAGE_STANDARD = "gnu++0x";
				CLANG_CXX_LIBRARY = "libc++";
				CLANG_ENABLE_MODULES = YES;
				CLANG_ENABLE_OBJC_ARC = YES;
				CLANG_WARN_BOOL_CONVERSION = YES;
				CLANG_WARN_CONSTANT_CONVERSION = YES;
				CLANG_WARN_DIRECT_OBJC_ISA_USAGE = YES_ERROR;
				CLANG_WARN_EMPTY_BODY = YES;
				CLANG_WARN_ENUM_CONVERSION = YES;
				CLANG_WARN_INT_CONVERSION = YES;
				CLANG_WARN_OBJC_ROOT_CLASS = YES_ERROR;
				CLANG_WARN_UNREACHABLE_CODE = YES;
				CLANG_WARN__DUPLICATE_METHOD_MATCH = YES;
				"CODE_SIGN_IDENTITY[sdk=iphoneos*]" = "iPhone Developer";
				COPY_PHASE_STRIP = NO;
				DEBUG_INFORMATION_FORMAT = dwarf;
				ENABLE_STRICT_OBJC_MSGSEND = YES;
				ENABLE_TESTABILITY = YES;
				GCC_C_LANGUAGE_STANDARD = gnu99;
				GCC_DYNAMIC_NO_PIC = NO;
				GCC_NO_COMMON_BLOCKS = YES;
				GCC_OPTIMIZATION_LEVEL = 0;
				GCC_PREPROCESSOR_DEFINITIONS = (
					"DEBUG=1",
					"$(inherited)",
				);
				GCC_WARN_64_TO_32_BIT_CONVERSION = YES;
				GCC_WARN_ABOUT_RETURN_TYPE = YES_ERROR;
				GCC_WARN_UNDECLARED_SELECTOR = YES;
				GCC_WARN_UNINITIALIZED_AUTOS = YES_AGGRESSIVE;
				GCC_WARN_UNUSED_FUNCTION = YES;
				GCC_WARN_UNUSED_VARIABLE = YES;
				IPHONEOS_DEPLOYMENT_TARGET = 9.2;
				MTL_ENABLE_DEBUG_INFO = YES;
				ONLY_ACTIVE_ARCH = YES;
				SDKROOT = iphoneos;
				TARGETED_DEVICE_FAMILY = "1,2";
			};
			name = Debug;
		};
		90CF0FD01C7EA2780055DC0E /* Release */ = {
			isa = XCBuildConfiguration;
			buildSettings = {
				ALWAYS_SEARCH_USER_PATHS = NO;
				CLANG_CXX_LANGUAGE_STANDARD = "gnu++0x";
				CLANG_CXX_LIBRARY = "libc++";
				CLANG_ENABLE_MODULES = YES;
				CLANG_ENABLE_OBJC_ARC = YES;
				CLANG_WARN_BOOL_CONVERSION = YES;
				CLANG_WARN_CONSTANT_CONVERSION = YES;
				CLANG_WARN_DIRECT_OBJC_ISA_USAGE = YES_ERROR;
				CLANG_WARN_EMPTY_BODY = YES;
				CLANG_WARN_ENUM_CONVERSION = YES;
				CLANG_WARN_INT_CONVERSION = YES;
				CLANG_WARN_OBJC_ROOT_CLASS = YES_ERROR;
				CLANG_WARN_UNREACHABLE_CODE = YES;
				CLANG_WARN__DUPLICATE_METHOD_MATCH = YES;
				"CODE_SIGN_IDENTITY[sdk=iphoneos*]" = "iPhone Developer";
				COPY_PHASE_STRIP = NO;
				DEBUG_INFORMATION_FORMAT = "dwarf-with-dsym";
				ENABLE_NS_ASSERTIONS = NO;
				ENABLE_STRICT_OBJC_MSGSEND = YES;
				GCC_C_LANGUAGE_STANDARD = gnu99;
				GCC_NO_COMMON_BLOCKS = YES;
				GCC_WARN_64_TO_32_BIT_CONVERSION = YES;
				GCC_WARN_ABOUT_RETURN_TYPE = YES_ERROR;
				GCC_WARN_UNDECLARED_SELECTOR = YES;
				GCC_WARN_UNINITIALIZED_AUTOS = YES_AGGRESSIVE;
				GCC_WARN_UNUSED_FUNCTION = YES;
				GCC_WARN_UNUSED_VARIABLE = YES;
				IPHONEOS_DEPLOYMENT_TARGET = 9.2;
				MTL_ENABLE_DEBUG_INFO = NO;
				SDKROOT = iphoneos;
				TARGETED_DEVICE_FAMILY = "1,2";
				VALIDATE_PRODUCT = YES;
			};
			name = Release;
		};
		90CF0FD21C7EA2780055DC0E /* Debug */ = {
			isa = XCBuildConfiguration;
			buildSettings = {
				ASSETCATALOG_COMPILER_APPICON_NAME = AppIcon;
				ASSETCATALOG_COMPILER_LAUNCHIMAGE_NAME = "Brand Assets";
				CODE_SIGN_IDENTITY = "iPhone Developer: xiao lin (R2BGXW35HH)";
				"CODE_SIGN_IDENTITY[sdk=iphoneos*]" = "iPhone Developer: xiao lin (R2BGXW35HH)";
				INFOPLIST_FILE = Simulation/Info.plist;
				IPHONEOS_DEPLOYMENT_TARGET = 8.1;
				LD_RUNPATH_SEARCH_PATHS = "$(inherited) @executable_path/Frameworks";
				PRODUCT_BUNDLE_IDENTIFIER = susu.test.mockup;
				PRODUCT_NAME = mockup;
				PROVISIONING_PROFILE = "70edbd8a-e592-409a-a399-eadfe399081a";
			};
			name = Debug;
		};
		90CF0FD31C7EA2780055DC0E /* Release */ = {
			isa = XCBuildConfiguration;
			buildSettings = {
				ASSETCATALOG_COMPILER_APPICON_NAME = AppIcon;
				ASSETCATALOG_COMPILER_LAUNCHIMAGE_NAME = "Brand Assets";
				CODE_SIGN_IDENTITY = "iPhone Developer: xiao lin (R2BGXW35HH)";
				"CODE_SIGN_IDENTITY[sdk=iphoneos*]" = "iPhone Developer: xiao lin (R2BGXW35HH)";
				INFOPLIST_FILE = Simulation/Info.plist;
				IPHONEOS_DEPLOYMENT_TARGET = 8.1;
				LD_RUNPATH_SEARCH_PATHS = "$(inherited) @executable_path/Frameworks";
				PRODUCT_BUNDLE_IDENTIFIER = susu.test.mockup;
				PRODUCT_NAME = mockup;
				PROVISIONING_PROFILE = "70edbd8a-e592-409a-a399-eadfe399081a";
			};
			name = Release;
		};
		90CF0FD51C7EA2780055DC0E /* Debug */ = {
			isa = XCBuildConfiguration;
			buildSettings = {
				BUNDLE_LOADER = "$(TEST_HOST)";
				INFOPLIST_FILE = SimulationTests/Info.plist;
				LD_RUNPATH_SEARCH_PATHS = "$(inherited) @executable_path/Frameworks @loader_path/Frameworks";
				PRODUCT_BUNDLE_IDENTIFIER = susu.test.SimulationTests;
				PRODUCT_NAME = mockup;
				TEST_HOST = "$(BUILT_PRODUCTS_DIR)/mockup.app/mockup";
			};
			name = Debug;
		};
		90CF0FD61C7EA2780055DC0E /* Release */ = {
			isa = XCBuildConfiguration;
			buildSettings = {
				BUNDLE_LOADER = "$(TEST_HOST)";
				INFOPLIST_FILE = SimulationTests/Info.plist;
				LD_RUNPATH_SEARCH_PATHS = "$(inherited) @executable_path/Frameworks @loader_path/Frameworks";
				PRODUCT_BUNDLE_IDENTIFIER = susu.test.SimulationTests;
				PRODUCT_NAME = mockup;
				TEST_HOST = "$(BUILT_PRODUCTS_DIR)/mockup.app/mockup";
			};
			name = Release;
		};
		90CF0FD81C7EA2780055DC0E /* Debug */ = {
			isa = XCBuildConfiguration;
			buildSettings = {
				INFOPLIST_FILE = SimulationUITests/Info.plist;
				LD_RUNPATH_SEARCH_PATHS = "$(inherited) @executable_path/Frameworks @loader_path/Frameworks";
				PRODUCT_BUNDLE_IDENTIFIER = susu.test.SimulationUITests;
				PRODUCT_NAME = mockup;
				TEST_TARGET_NAME = Simulation;
				USES_XCTRUNNER = YES;
			};
			name = Debug;
		};
		90CF0FD91C7EA2780055DC0E /* Release */ = {
			isa = XCBuildConfiguration;
			buildSettings = {
				INFOPLIST_FILE = SimulationUITests/Info.plist;
				LD_RUNPATH_SEARCH_PATHS = "$(inherited) @executable_path/Frameworks @loader_path/Frameworks";
				PRODUCT_BUNDLE_IDENTIFIER = susu.test.SimulationUITests;
				PRODUCT_NAME = mockup;
				TEST_TARGET_NAME = Simulation;
				USES_XCTRUNNER = YES;
			};
			name = Release;
		};
/* End XCBuildConfiguration section */

/* Begin XCConfigurationList section */
		90CF0F9F1C7EA2780055DC0E /* Build configuration list for PBXProject "mockup" */ = {
			isa = XCConfigurationList;
			buildConfigurations = (
				90CF0FCF1C7EA2780055DC0E /* Debug */,
				90CF0FD01C7EA2780055DC0E /* Release */,
			);
			defaultConfigurationIsVisible = 0;
			defaultConfigurationName = Release;
		};
		90CF0FD11C7EA2780055DC0E /* Build configuration list for PBXNativeTarget "mockup" */ = {
			isa = XCConfigurationList;
			buildConfigurations = (
				90CF0FD21C7EA2780055DC0E /* Debug */,
				90CF0FD31C7EA2780055DC0E /* Release */,
			);
			defaultConfigurationIsVisible = 0;
			defaultConfigurationName = Release;
		};
		90CF0FD41C7EA2780055DC0E /* Build configuration list for PBXNativeTarget "mockupTests" */ = {
			isa = XCConfigurationList;
			buildConfigurations = (
				90CF0FD51C7EA2780055DC0E /* Debug */,
				90CF0FD61C7EA2780055DC0E /* Release */,
			);
			defaultConfigurationIsVisible = 0;
			defaultConfigurationName = Release;
		};
		90CF0FD71C7EA2780055DC0E /* Build configuration list for PBXNativeTarget "mockupUITests" */ = {
			isa = XCConfigurationList;
			buildConfigurations = (
				90CF0FD81C7EA2780055DC0E /* Debug */,
				90CF0FD91C7EA2780055DC0E /* Release */,
			);
			defaultConfigurationIsVisible = 0;
			defaultConfigurationName = Release;
		};
/* End XCConfigurationList section */
	};
	rootObject = 90CF0F9C1C7EA2780055DC0E /* Project object */;
}
